// !$*UTF8*$!
{
	archiveVersion = 1;
	classes = {
	};
	objectVersion = 50;
	objects = {

/* Begin PBXBuildFile section */
		419BA90DBB2F2ADB5FD7DA9E /* Pods_iOS_Tutorial.framework in Frameworks */ = {isa = PBXBuildFile; fileRef = E2E89B4B74C894C03E22A354 /* Pods_iOS_Tutorial.framework */; };
		7F23497F20D0FB5F00114C2A /* URL_Mapping.swift in Sources */ = {isa = PBXBuildFile; fileRef = 7F23497C20D0FB5E00114C2A /* URL_Mapping.swift */; };
		7F23498020D0FB5F00114C2A /* ApiManager.swift in Sources */ = {isa = PBXBuildFile; fileRef = 7F23497D20D0FB5F00114C2A /* ApiManager.swift */; };
		7F23498120D0FB5F00114C2A /* AppConstants.swift in Sources */ = {isa = PBXBuildFile; fileRef = 7F23497E20D0FB5F00114C2A /* AppConstants.swift */; };
		7F342307211DA8C300FDEDF5 /* AlarmofireViewController.swift in Sources */ = {isa = PBXBuildFile; fileRef = 7F342306211DA8C300FDEDF5 /* AlarmofireViewController.swift */; };
		7F52A6EE218C659F00D2746F /* TableViewAnimationViewController.swift in Sources */ = {isa = PBXBuildFile; fileRef = 7F52A6ED218C659F00D2746F /* TableViewAnimationViewController.swift */; };
		7F52A6F0218C65D700D2746F /* TableViewAnimationTableViewCell.swift in Sources */ = {isa = PBXBuildFile; fileRef = 7F52A6EF218C65D700D2746F /* TableViewAnimationTableViewCell.swift */; };
		7F553D6120CBA2D800099A10 /* AutoCompleteTextFieldViewController.swift in Sources */ = {isa = PBXBuildFile; fileRef = 7F553D6020CBA2D800099A10 /* AutoCompleteTextFieldViewController.swift */; };
		7FA0263E20EA0C4B00E89B1B /* Swift_Gif.swift in Sources */ = {isa = PBXBuildFile; fileRef = 7FA0263D20EA0C4B00E89B1B /* Swift_Gif.swift */; };
		7FA0264020EA0C6800E89B1B /* loading.gif in Resources */ = {isa = PBXBuildFile; fileRef = 7FA0263F20EA0C6800E89B1B /* loading.gif */; };
		7FA0264220EA0C8200E89B1B /* GifSampleViewController.swift in Sources */ = {isa = PBXBuildFile; fileRef = 7FA0264120EA0C8200E89B1B /* GifSampleViewController.swift */; };
		7FA13029209D9766007E188F /* CallSmsViewController.swift in Sources */ = {isa = PBXBuildFile; fileRef = 7FA13028209D9766007E188F /* CallSmsViewController.swift */; };
		7FA4A66B218AE680005D313E /* SuggestionViewController.swift in Sources */ = {isa = PBXBuildFile; fileRef = 7FA4A66A218AE680005D313E /* SuggestionViewController.swift */; };
		7FADF662208B06DD00D5072C /* AppDelegate.swift in Sources */ = {isa = PBXBuildFile; fileRef = 7FADF661208B06DD00D5072C /* AppDelegate.swift */; };
		7FADF664208B06DD00D5072C /* ViewController.swift in Sources */ = {isa = PBXBuildFile; fileRef = 7FADF663208B06DD00D5072C /* ViewController.swift */; };
		7FADF667208B06DD00D5072C /* Main.storyboard in Resources */ = {isa = PBXBuildFile; fileRef = 7FADF665208B06DD00D5072C /* Main.storyboard */; };
		7FADF669208B06DF00D5072C /* Assets.xcassets in Resources */ = {isa = PBXBuildFile; fileRef = 7FADF668208B06DF00D5072C /* Assets.xcassets */; };
		7FADF66C208B06DF00D5072C /* LaunchScreen.storyboard in Resources */ = {isa = PBXBuildFile; fileRef = 7FADF66A208B06DF00D5072C /* LaunchScreen.storyboard */; };
		7FADF674208B130A00D5072C /* ParallexViewController.swift in Sources */ = {isa = PBXBuildFile; fileRef = 7FADF673208B130A00D5072C /* ParallexViewController.swift */; };
/* End PBXBuildFile section */

/* Begin PBXFileReference section */
		3BE960970F3FD1DD2E0D8179 /* Pods-iOS Tutorial.release.xcconfig */ = {isa = PBXFileReference; includeInIndex = 1; lastKnownFileType = text.xcconfig; name = "Pods-iOS Tutorial.release.xcconfig"; path = "Pods/Target Support Files/Pods-iOS Tutorial/Pods-iOS Tutorial.release.xcconfig"; sourceTree = "<group>"; };
		7F0D3155212FD80C0019D344 /* Even Or Odd.playground */ = {isa = PBXFileReference; lastKnownFileType = file.playground; path = "Even Or Odd.playground"; sourceTree = "<group>"; xcLanguageSpecificationIdentifier = xcode.lang.swift; };
		7F23497C20D0FB5E00114C2A /* URL_Mapping.swift */ = {isa = PBXFileReference; fileEncoding = 4; lastKnownFileType = sourcecode.swift; path = URL_Mapping.swift; sourceTree = "<group>"; };
		7F23497D20D0FB5F00114C2A /* ApiManager.swift */ = {isa = PBXFileReference; fileEncoding = 4; lastKnownFileType = sourcecode.swift; path = ApiManager.swift; sourceTree = "<group>"; };
		7F23497E20D0FB5F00114C2A /* AppConstants.swift */ = {isa = PBXFileReference; fileEncoding = 4; lastKnownFileType = sourcecode.swift; path = AppConstants.swift; sourceTree = "<group>"; };
		7F342306211DA8C300FDEDF5 /* AlarmofireViewController.swift */ = {isa = PBXFileReference; lastKnownFileType = sourcecode.swift; path = AlarmofireViewController.swift; sourceTree = "<group>"; };
		7F3CC284212EA4AD00A7AAE7 /* ReverseString.playground */ = {isa = PBXFileReference; lastKnownFileType = file.playground; path = ReverseString.playground; sourceTree = "<group>"; xcLanguageSpecificationIdentifier = xcode.lang.swift; };
		7F4BD10F211D87DD00AC093D /* Paramid Star Pattern.playground */ = {isa = PBXFileReference; lastKnownFileType = file.playground; path = "Paramid Star Pattern.playground"; sourceTree = "<group>"; xcLanguageSpecificationIdentifier = xcode.lang.swift; };
		7F52A6ED218C659F00D2746F /* TableViewAnimationViewController.swift */ = {isa = PBXFileReference; lastKnownFileType = sourcecode.swift; path = TableViewAnimationViewController.swift; sourceTree = "<group>"; };
		7F52A6EF218C65D700D2746F /* TableViewAnimationTableViewCell.swift */ = {isa = PBXFileReference; lastKnownFileType = sourcecode.swift; path = TableViewAnimationTableViewCell.swift; sourceTree = "<group>"; };
		7F553D6020CBA2D800099A10 /* AutoCompleteTextFieldViewController.swift */ = {isa = PBXFileReference; lastKnownFileType = sourcecode.swift; path = AutoCompleteTextFieldViewController.swift; sourceTree = "<group>"; };
		7F6842E8212FEE5900A796A3 /* HCF AND LCM Of Two NUMBER.playground */ = {isa = PBXFileReference; lastKnownFileType = file.playground; path = "HCF AND LCM Of Two NUMBER.playground"; sourceTree = "<group>"; xcLanguageSpecificationIdentifier = xcode.lang.swift; };
		7F732891211F0A1A00D760A3 /* SubString.playground */ = {isa = PBXFileReference; lastKnownFileType = file.playground; path = SubString.playground; sourceTree = "<group>"; xcLanguageSpecificationIdentifier = xcode.lang.swift; };
		7F7EFD99212EB8C40019379C /* URL Detector.playground */ = {isa = PBXFileReference; lastKnownFileType = file.playground; path = "URL Detector.playground"; sourceTree = "<group>"; xcLanguageSpecificationIdentifier = xcode.lang.swift; };
		7F7EFD9A212EB95D0019379C /* Swap.playground */ = {isa = PBXFileReference; lastKnownFileType = file.playground; path = Swap.playground; sourceTree = "<group>"; xcLanguageSpecificationIdentifier = xcode.lang.swift; };
		7FA0263D20EA0C4B00E89B1B /* Swift_Gif.swift */ = {isa = PBXFileReference; fileEncoding = 4; lastKnownFileType = sourcecode.swift; path = Swift_Gif.swift; sourceTree = "<group>"; };
		7FA0263F20EA0C6800E89B1B /* loading.gif */ = {isa = PBXFileReference; lastKnownFileType = image.gif; path = loading.gif; sourceTree = "<group>"; };
		7FA0264120EA0C8200E89B1B /* GifSampleViewController.swift */ = {isa = PBXFileReference; lastKnownFileType = sourcecode.swift; path = GifSampleViewController.swift; sourceTree = "<group>"; };
		7FA13028209D9766007E188F /* CallSmsViewController.swift */ = {isa = PBXFileReference; lastKnownFileType = sourcecode.swift; path = CallSmsViewController.swift; sourceTree = "<group>"; };
		7FA36B52211D8D0200ECFF30 /* Complex Star Pattern.playground */ = {isa = PBXFileReference; lastKnownFileType = file.playground; path = "Complex Star Pattern.playground"; sourceTree = "<group>"; xcLanguageSpecificationIdentifier = xcode.lang.swift; };
		7FA4A66A218AE680005D313E /* SuggestionViewController.swift */ = {isa = PBXFileReference; lastKnownFileType = sourcecode.swift; path = SuggestionViewController.swift; sourceTree = "<group>"; };
		7FADF65E208B06DD00D5072C /* iOS Tutorial.app */ = {isa = PBXFileReference; explicitFileType = wrapper.application; includeInIndex = 0; path = "iOS Tutorial.app"; sourceTree = BUILT_PRODUCTS_DIR; };
		7FADF661208B06DD00D5072C /* AppDelegate.swift */ = {isa = PBXFileReference; lastKnownFileType = sourcecode.swift; path = AppDelegate.swift; sourceTree = "<group>"; };
		7FADF663208B06DD00D5072C /* ViewController.swift */ = {isa = PBXFileReference; lastKnownFileType = sourcecode.swift; path = ViewController.swift; sourceTree = "<group>"; };
		7FADF666208B06DD00D5072C /* Base */ = {isa = PBXFileReference; lastKnownFileType = file.storyboard; name = Base; path = Base.lproj/Main.storyboard; sourceTree = "<group>"; };
		7FADF668208B06DF00D5072C /* Assets.xcassets */ = {isa = PBXFileReference; lastKnownFileType = folder.assetcatalog; path = Assets.xcassets; sourceTree = "<group>"; };
		7FADF66B208B06DF00D5072C /* Base */ = {isa = PBXFileReference; lastKnownFileType = file.storyboard; name = Base; path = Base.lproj/LaunchScreen.storyboard; sourceTree = "<group>"; };
		7FADF66D208B06DF00D5072C /* Info.plist */ = {isa = PBXFileReference; lastKnownFileType = text.plist.xml; path = Info.plist; sourceTree = "<group>"; };
		7FADF673208B130A00D5072C /* ParallexViewController.swift */ = {isa = PBXFileReference; lastKnownFileType = sourcecode.swift; path = ParallexViewController.swift; sourceTree = "<group>"; };
		7FB59A7E212EC59700960BF6 /* Factorial.playground */ = {isa = PBXFileReference; lastKnownFileType = file.playground; path = Factorial.playground; sourceTree = "<group>"; xcLanguageSpecificationIdentifier = xcode.lang.swift; };
		7FFE0542211C4D6400DF96BD /* ArmstrongNumberWhithoutRecursion.playground */ = {isa = PBXFileReference; lastKnownFileType = file.playground; path = ArmstrongNumberWhithoutRecursion.playground; sourceTree = "<group>"; xcLanguageSpecificationIdentifier = xcode.lang.swift; };
		7FFE0543211C4D6400DF96BD /* FibonacciSeriesWithoutRecursion.playground */ = {isa = PBXFileReference; lastKnownFileType = file.playground; path = FibonacciSeriesWithoutRecursion.playground; sourceTree = "<group>"; xcLanguageSpecificationIdentifier = xcode.lang.swift; };
		7FFE0544211C4DF800DF96BD /* SimpleStarSeries.playground */ = {isa = PBXFileReference; lastKnownFileType = file.playground; path = SimpleStarSeries.playground; sourceTree = "<group>"; xcLanguageSpecificationIdentifier = xcode.lang.swift; };
		E2E89B4B74C894C03E22A354 /* Pods_iOS_Tutorial.framework */ = {isa = PBXFileReference; explicitFileType = wrapper.framework; includeInIndex = 0; path = Pods_iOS_Tutorial.framework; sourceTree = BUILT_PRODUCTS_DIR; };
		E59207CBAF7EA17571140B6C /* Pods-iOS Tutorial.debug.xcconfig */ = {isa = PBXFileReference; includeInIndex = 1; lastKnownFileType = text.xcconfig; name = "Pods-iOS Tutorial.debug.xcconfig"; path = "Pods/Target Support Files/Pods-iOS Tutorial/Pods-iOS Tutorial.debug.xcconfig"; sourceTree = "<group>"; };
/* End PBXFileReference section */

/* Begin PBXFrameworksBuildPhase section */
		7FADF65B208B06DD00D5072C /* Frameworks */ = {
			isa = PBXFrameworksBuildPhase;
			buildActionMask = 2147483647;
			files = (
				419BA90DBB2F2ADB5FD7DA9E /* Pods_iOS_Tutorial.framework in Frameworks */,
			);
			runOnlyForDeploymentPostprocessing = 0;
		};
/* End PBXFrameworksBuildPhase section */

/* Begin PBXGroup section */
		000AFBD3E4D845B548E6AEFE /* Frameworks */ = {
			isa = PBXGroup;
			children = (
				E2E89B4B74C894C03E22A354 /* Pods_iOS_Tutorial.framework */,
			);
			name = Frameworks;
			sourceTree = "<group>";
		};
		2C4BBA190B6879110D8A7F46 /* Pods */ = {
			isa = PBXGroup;
			children = (
				E59207CBAF7EA17571140B6C /* Pods-iOS Tutorial.debug.xcconfig */,
				3BE960970F3FD1DD2E0D8179 /* Pods-iOS Tutorial.release.xcconfig */,
			);
			name = Pods;
			sourceTree = "<group>";
		};
		7F36F4B8211C4CE9008F535E /* Logical Programing */ = {
			isa = PBXGroup;
			children = (
				7F6842E8212FEE5900A796A3 /* HCF AND LCM Of Two NUMBER.playground */,
				7F0D3155212FD80C0019D344 /* Even Or Odd.playground */,
				7F7EFD9A212EB95D0019379C /* Swap.playground */,
				7FB59A7E212EC59700960BF6 /* Factorial.playground */,
				7F7EFD99212EB8C40019379C /* URL Detector.playground */,
				7F3CC284212EA4AD00A7AAE7 /* ReverseString.playground */,
				7F732891211F0A1A00D760A3 /* SubString.playground */,
				7FA36B52211D8D0200ECFF30 /* Complex Star Pattern.playground */,
				7FFE0544211C4DF800DF96BD /* SimpleStarSeries.playground */,
				7F4BD10F211D87DD00AC093D /* Paramid Star Pattern.playground */,
				7FFE0542211C4D6400DF96BD /* ArmstrongNumberWhithoutRecursion.playground */,
				7FFE0543211C4D6400DF96BD /* FibonacciSeriesWithoutRecursion.playground */,
			);
			path = "Logical Programing";
			sourceTree = "<group>";
		};
		7F52A6F1218C65E000D2746F /* TableViewAnimation */ = {
			isa = PBXGroup;
			children = (
				7F52A6ED218C659F00D2746F /* TableViewAnimationViewController.swift */,
				7F52A6EF218C65D700D2746F /* TableViewAnimationTableViewCell.swift */,
			);
			path = TableViewAnimation;
			sourceTree = "<group>";
		};
		7FADF655208B06DD00D5072C = {
			isa = PBXGroup;
			children = (
				7F36F4B8211C4CE9008F535E /* Logical Programing */,
				7FADF660208B06DD00D5072C /* iOS Tutorial */,
				7FADF65F208B06DD00D5072C /* Products */,
				2C4BBA190B6879110D8A7F46 /* Pods */,
				000AFBD3E4D845B548E6AEFE /* Frameworks */,
			);
			sourceTree = "<group>";
		};
		7FADF65F208B06DD00D5072C /* Products */ = {
			isa = PBXGroup;
			children = (
				7FADF65E208B06DD00D5072C /* iOS Tutorial.app */,
			);
			name = Products;
			sourceTree = "<group>";
		};
		7FADF660208B06DD00D5072C /* iOS Tutorial */ = {
			isa = PBXGroup;
			children = (
				7FA0263F20EA0C6800E89B1B /* loading.gif */,
				7FA0263D20EA0C4B00E89B1B /* Swift_Gif.swift */,
				7F23497D20D0FB5F00114C2A /* ApiManager.swift */,
				7F23497E20D0FB5F00114C2A /* AppConstants.swift */,
				7F23497C20D0FB5E00114C2A /* URL_Mapping.swift */,
				7FADF661208B06DD00D5072C /* AppDelegate.swift */,
				7FADF663208B06DD00D5072C /* ViewController.swift */,
				7FADF665208B06DD00D5072C /* Main.storyboard */,
				7FADF668208B06DF00D5072C /* Assets.xcassets */,
				7FADF66A208B06DF00D5072C /* LaunchScreen.storyboard */,
				7FADF66D208B06DF00D5072C /* Info.plist */,
				7FADF673208B130A00D5072C /* ParallexViewController.swift */,
				7FA13028209D9766007E188F /* CallSmsViewController.swift */,
				7F553D6020CBA2D800099A10 /* AutoCompleteTextFieldViewController.swift */,
				7FA0264120EA0C8200E89B1B /* GifSampleViewController.swift */,
				7F342306211DA8C300FDEDF5 /* AlarmofireViewController.swift */,
				7FA4A66A218AE680005D313E /* SuggestionViewController.swift */,
				7F52A6F1218C65E000D2746F /* TableViewAnimation */,
			);
			path = "iOS Tutorial";
			sourceTree = "<group>";
		};
/* End PBXGroup section */

/* Begin PBXNativeTarget section */
		7FADF65D208B06DD00D5072C /* iOS Tutorial */ = {
			isa = PBXNativeTarget;
			buildConfigurationList = 7FADF670208B06DF00D5072C /* Build configuration list for PBXNativeTarget "iOS Tutorial" */;
			buildPhases = (
				0BCA58766F84519F2F61CEF7 /* [CP] Check Pods Manifest.lock */,
				7FADF65A208B06DD00D5072C /* Sources */,
				7FADF65B208B06DD00D5072C /* Frameworks */,
				7FADF65C208B06DD00D5072C /* Resources */,
				392D4E3283CE5CA3B6531DCC /* [CP] Embed Pods Frameworks */,
				E1529B3691DDDFB27E636BC3 /* [CP] Copy Pods Resources */,
			);
			buildRules = (
			);
			dependencies = (
			);
			name = "iOS Tutorial";
			productName = "iOS Tutorial";
			productReference = 7FADF65E208B06DD00D5072C /* iOS Tutorial.app */;
			productType = "com.apple.product-type.application";
		};
/* End PBXNativeTarget section */

/* Begin PBXProject section */
		7FADF656208B06DD00D5072C /* Project object */ = {
			isa = PBXProject;
			attributes = {
				LastSwiftUpdateCheck = 0930;
				LastUpgradeCheck = 0930;
				ORGANIZATIONNAME = Talent4assure;
				TargetAttributes = {
					7FADF65D208B06DD00D5072C = {
						CreatedOnToolsVersion = 9.3;
					};
				};
			};
			buildConfigurationList = 7FADF659208B06DD00D5072C /* Build configuration list for PBXProject "iOS Tutorial" */;
			compatibilityVersion = "Xcode 9.3";
			developmentRegion = en;
			hasScannedForEncodings = 0;
			knownRegions = (
				en,
				Base,
			);
			mainGroup = 7FADF655208B06DD00D5072C;
			productRefGroup = 7FADF65F208B06DD00D5072C /* Products */;
			projectDirPath = "";
			projectRoot = "";
			targets = (
				7FADF65D208B06DD00D5072C /* iOS Tutorial */,
			);
		};
/* End PBXProject section */

/* Begin PBXResourcesBuildPhase section */
		7FADF65C208B06DD00D5072C /* Resources */ = {
			isa = PBXResourcesBuildPhase;
			buildActionMask = 2147483647;
			files = (
				7FADF66C208B06DF00D5072C /* LaunchScreen.storyboard in Resources */,
				7FA0264020EA0C6800E89B1B /* loading.gif in Resources */,
				7FADF669208B06DF00D5072C /* Assets.xcassets in Resources */,
				7FADF667208B06DD00D5072C /* Main.storyboard in Resources */,
			);
			runOnlyForDeploymentPostprocessing = 0;
		};
/* End PBXResourcesBuildPhase section */

/* Begin PBXShellScriptBuildPhase section */
		0BCA58766F84519F2F61CEF7 /* [CP] Check Pods Manifest.lock */ = {
			isa = PBXShellScriptBuildPhase;
			buildActionMask = 2147483647;
			files = (
			);
			inputPaths = (
				"${PODS_PODFILE_DIR_PATH}/Podfile.lock",
				"${PODS_ROOT}/Manifest.lock",
			);
			name = "[CP] Check Pods Manifest.lock";
			outputPaths = (
				"$(DERIVED_FILE_DIR)/Pods-iOS Tutorial-checkManifestLockResult.txt",
			);
			runOnlyForDeploymentPostprocessing = 0;
			shellPath = /bin/sh;
			shellScript = "diff \"${PODS_PODFILE_DIR_PATH}/Podfile.lock\" \"${PODS_ROOT}/Manifest.lock\" > /dev/null\nif [ $? != 0 ] ; then\n    # print error to STDERR\n    echo \"error: The sandbox is not in sync with the Podfile.lock. Run 'pod install' or update your CocoaPods installation.\" >&2\n    exit 1\nfi\n# This output is used by Xcode 'outputs' to avoid re-running this script phase.\necho \"SUCCESS\" > \"${SCRIPT_OUTPUT_FILE_0}\"\n";
			showEnvVarsInLog = 0;
		};
		392D4E3283CE5CA3B6531DCC /* [CP] Embed Pods Frameworks */ = {
			isa = PBXShellScriptBuildPhase;
			buildActionMask = 2147483647;
			files = (
			);
			inputPaths = (
				"${SRCROOT}/Pods/Target Support Files/Pods-iOS Tutorial/Pods-iOS Tutorial-frameworks.sh",
				"${BUILT_PRODUCTS_DIR}/Alamofire/Alamofire.framework",
				"${BUILT_PRODUCTS_DIR}/Floaty/Floaty.framework",
				"${BUILT_PRODUCTS_DIR}/IQKeyboardManagerSwift/IQKeyboardManagerSwift.framework",
				"${BUILT_PRODUCTS_DIR}/MBProgressHUD/MBProgressHUD.framework",
				"${BUILT_PRODUCTS_DIR}/SearchTextField/SearchTextField.framework",
				"${BUILT_PRODUCTS_DIR}/SwiftValidator/SwiftValidator.framework",
				"${BUILT_PRODUCTS_DIR}/SwiftyJSON/SwiftyJSON.framework",
			);
			name = "[CP] Embed Pods Frameworks";
			outputPaths = (
				"${TARGET_BUILD_DIR}/${FRAMEWORKS_FOLDER_PATH}/Alamofire.framework",
				"${TARGET_BUILD_DIR}/${FRAMEWORKS_FOLDER_PATH}/Floaty.framework",
				"${TARGET_BUILD_DIR}/${FRAMEWORKS_FOLDER_PATH}/IQKeyboardManagerSwift.framework",
				"${TARGET_BUILD_DIR}/${FRAMEWORKS_FOLDER_PATH}/MBProgressHUD.framework",
				"${TARGET_BUILD_DIR}/${FRAMEWORKS_FOLDER_PATH}/SearchTextField.framework",
				"${TARGET_BUILD_DIR}/${FRAMEWORKS_FOLDER_PATH}/SwiftValidator.framework",
				"${TARGET_BUILD_DIR}/${FRAMEWORKS_FOLDER_PATH}/SwiftyJSON.framework",
			);
			runOnlyForDeploymentPostprocessing = 0;
			shellPath = /bin/sh;
			shellScript = "\"${SRCROOT}/Pods/Target Support Files/Pods-iOS Tutorial/Pods-iOS Tutorial-frameworks.sh\"\n";
			showEnvVarsInLog = 0;
		};
		E1529B3691DDDFB27E636BC3 /* [CP] Copy Pods Resources */ = {
			isa = PBXShellScriptBuildPhase;
			buildActionMask = 2147483647;
			files = (
			);
			inputPaths = (
			);
			name = "[CP] Copy Pods Resources";
			outputPaths = (
			);
			runOnlyForDeploymentPostprocessing = 0;
			shellPath = /bin/sh;
			shellScript = "\"${SRCROOT}/Pods/Target Support Files/Pods-iOS Tutorial/Pods-iOS Tutorial-resources.sh\"\n";
			showEnvVarsInLog = 0;
		};
/* End PBXShellScriptBuildPhase section */

/* Begin PBXSourcesBuildPhase section */
		7FADF65A208B06DD00D5072C /* Sources */ = {
			isa = PBXSourcesBuildPhase;
			buildActionMask = 2147483647;
			files = (
				7FA13029209D9766007E188F /* CallSmsViewController.swift in Sources */,
				7FADF664208B06DD00D5072C /* ViewController.swift in Sources */,
				7F553D6120CBA2D800099A10 /* AutoCompleteTextFieldViewController.swift in Sources */,
				7F23498120D0FB5F00114C2A /* AppConstants.swift in Sources */,
				7F23498020D0FB5F00114C2A /* ApiManager.swift in Sources */,
				7FA0264220EA0C8200E89B1B /* GifSampleViewController.swift in Sources */,
				7FADF674208B130A00D5072C /* ParallexViewController.swift in Sources */,
				7F342307211DA8C300FDEDF5 /* AlarmofireViewController.swift in Sources */,
				7F52A6F0218C65D700D2746F /* TableViewAnimationTableViewCell.swift in Sources */,
				7FA4A66B218AE680005D313E /* SuggestionViewController.swift in Sources */,
				7F23497F20D0FB5F00114C2A /* URL_Mapping.swift in Sources */,
				7FADF662208B06DD00D5072C /* AppDelegate.swift in Sources */,
				7FA0263E20EA0C4B00E89B1B /* Swift_Gif.swift in Sources */,
				7F52A6EE218C659F00D2746F /* TableViewAnimationViewController.swift in Sources */,
			);
			runOnlyForDeploymentPostprocessing = 0;
		};
/* End PBXSourcesBuildPhase section */

/* Begin PBXVariantGroup section */
		7FADF665208B06DD00D5072C /* Main.storyboard */ = {
			isa = PBXVariantGroup;
			children = (
				7FADF666208B06DD00D5072C /* Base */,
			);
			name = Main.storyboard;
			sourceTree = "<group>";
		};
		7FADF66A208B06DF00D5072C /* LaunchScreen.storyboard */ = {
			isa = PBXVariantGroup;
			children = (
				7FADF66B208B06DF00D5072C /* Base */,
			);
			name = LaunchScreen.storyboard;
			sourceTree = "<group>";
		};
/* End PBXVariantGroup section */

/* Begin XCBuildConfiguration section */
		7FADF66E208B06DF00D5072C /* Debug */ = {
			isa = XCBuildConfiguration;
			buildSettings = {
				ALWAYS_SEARCH_USER_PATHS = NO;
				CLANG_ANALYZER_NONNULL = YES;
				CLANG_ANALYZER_NUMBER_OBJECT_CONVERSION = YES_AGGRESSIVE;
				CLANG_CXX_LANGUAGE_STANDARD = "gnu++14";
				CLANG_CXX_LIBRARY = "libc++";
				CLANG_ENABLE_MODULES = YES;
				CLANG_ENABLE_OBJC_ARC = YES;
				CLANG_ENABLE_OBJC_WEAK = YES;
				CLANG_WARN_BLOCK_CAPTURE_AUTORELEASING = YES;
				CLANG_WARN_BOOL_CONVERSION = YES;
				CLANG_WARN_COMMA = YES;
				CLANG_WARN_CONSTANT_CONVERSION = YES;
				CLANG_WARN_DEPRECATED_OBJC_IMPLEMENTATIONS = YES;
				CLANG_WARN_DIRECT_OBJC_ISA_USAGE = YES_ERROR;
				CLANG_WARN_DOCUMENTATION_COMMENTS = YES;
				CLANG_WARN_EMPTY_BODY = YES;
				CLANG_WARN_ENUM_CONVERSION = YES;
				CLANG_WARN_INFINITE_RECURSION = YES;
				CLANG_WARN_INT_CONVERSION = YES;
				CLANG_WARN_NON_LITERAL_NULL_CONVERSION = YES;
				CLANG_WARN_OBJC_IMPLICIT_RETAIN_SELF = YES;
				CLANG_WARN_OBJC_LITERAL_CONVERSION = YES;
				CLANG_WARN_OBJC_ROOT_CLASS = YES_ERROR;
				CLANG_WARN_RANGE_LOOP_ANALYSIS = YES;
				CLANG_WARN_STRICT_PROTOTYPES = YES;
				CLANG_WARN_SUSPICIOUS_MOVE = YES;
				CLANG_WARN_UNGUARDED_AVAILABILITY = YES_AGGRESSIVE;
				CLANG_WARN_UNREACHABLE_CODE = YES;
				CLANG_WARN__DUPLICATE_METHOD_MATCH = YES;
				CODE_SIGN_IDENTITY = "iPhone Developer";
				COPY_PHASE_STRIP = NO;
				DEBUG_INFORMATION_FORMAT = dwarf;
				ENABLE_STRICT_OBJC_MSGSEND = YES;
				ENABLE_TESTABILITY = YES;
				GCC_C_LANGUAGE_STANDARD = gnu11;
				GCC_DYNAMIC_NO_PIC = NO;
				GCC_NO_COMMON_BLOCKS = YES;
				GCC_OPTIMIZATION_LEVEL = 0;
				GCC_PREPROCESSOR_DEFINITIONS = (
					"DEBUG=1",
					"$(inherited)",
				);
				GCC_WARN_64_TO_32_BIT_CONVERSION = YES;
				GCC_WARN_ABOUT_RETURN_TYPE = YES_ERROR;
				GCC_WARN_UNDECLARED_SELECTOR = YES;
				GCC_WARN_UNINITIALIZED_AUTOS = YES_AGGRESSIVE;
				GCC_WARN_UNUSED_FUNCTION = YES;
				GCC_WARN_UNUSED_VARIABLE = YES;
				IPHONEOS_DEPLOYMENT_TARGET = 11.3;
				MTL_ENABLE_DEBUG_INFO = YES;
				ONLY_ACTIVE_ARCH = YES;
				SDKROOT = iphoneos;
				SWIFT_ACTIVE_COMPILATION_CONDITIONS = DEBUG;
				SWIFT_OPTIMIZATION_LEVEL = "-Onone";
			};
			name = Debug;
		};
		7FADF66F208B06DF00D5072C /* Release */ = {
			isa = XCBuildConfiguration;
			buildSettings = {
				ALWAYS_SEARCH_USER_PATHS = NO;
				CLANG_ANALYZER_NONNULL = YES;
				CLANG_ANALYZER_NUMBER_OBJECT_CONVERSION = YES_AGGRESSIVE;
				CLANG_CXX_LANGUAGE_STANDARD = "gnu++14";
				CLANG_CXX_LIBRARY = "libc++";
				CLANG_ENABLE_MODULES = YES;
				CLANG_ENABLE_OBJC_ARC = YES;
				CLANG_ENABLE_OBJC_WEAK = YES;
				CLANG_WARN_BLOCK_CAPTURE_AUTORELEASING = YES;
				CLANG_WARN_BOOL_CONVERSION = YES;
				CLANG_WARN_COMMA = YES;
				CLANG_WARN_CONSTANT_CONVERSION = YES;
				CLANG_WARN_DEPRECATED_OBJC_IMPLEMENTATIONS = YES;
				CLANG_WARN_DIRECT_OBJC_ISA_USAGE = YES_ERROR;
				CLANG_WARN_DOCUMENTATION_COMMENTS = YES;
				CLANG_WARN_EMPTY_BODY = YES;
				CLANG_WARN_ENUM_CONVERSION = YES;
				CLANG_WARN_INFINITE_RECURSION = YES;
				CLANG_WARN_INT_CONVERSION = YES;
				CLANG_WARN_NON_LITERAL_NULL_CONVERSION = YES;
				CLANG_WARN_OBJC_IMPLICIT_RETAIN_SELF = YES;
				CLANG_WARN_OBJC_LITERAL_CONVERSION = YES;
				CLANG_WARN_OBJC_ROOT_CLASS = YES_ERROR;
				CLANG_WARN_RANGE_LOOP_ANALYSIS = YES;
				CLANG_WARN_STRICT_PROTOTYPES = YES;
				CLANG_WARN_SUSPICIOUS_MOVE = YES;
				CLANG_WARN_UNGUARDED_AVAILABILITY = YES_AGGRESSIVE;
				CLANG_WARN_UNREACHABLE_CODE = YES;
				CLANG_WARN__DUPLICATE_METHOD_MATCH = YES;
				CODE_SIGN_IDENTITY = "iPhone Developer";
				COPY_PHASE_STRIP = NO;
				DEBUG_INFORMATION_FORMAT = "dwarf-with-dsym";
				ENABLE_NS_ASSERTIONS = NO;
				ENABLE_STRICT_OBJC_MSGSEND = YES;
				GCC_C_LANGUAGE_STANDARD = gnu11;
				GCC_NO_COMMON_BLOCKS = YES;
				GCC_WARN_64_TO_32_BIT_CONVERSION = YES;
				GCC_WARN_ABOUT_RETURN_TYPE = YES_ERROR;
				GCC_WARN_UNDECLARED_SELECTOR = YES;
				GCC_WARN_UNINITIALIZED_AUTOS = YES_AGGRESSIVE;
				GCC_WARN_UNUSED_FUNCTION = YES;
				GCC_WARN_UNUSED_VARIABLE = YES;
				IPHONEOS_DEPLOYMENT_TARGET = 11.3;
				MTL_ENABLE_DEBUG_INFO = NO;
				SDKROOT = iphoneos;
				SWIFT_COMPILATION_MODE = wholemodule;
				SWIFT_OPTIMIZATION_LEVEL = "-O";
				VALIDATE_PRODUCT = YES;
			};
			name = Release;
		};
		7FADF671208B06DF00D5072C /* Debug */ = {
			isa = XCBuildConfiguration;
			baseConfigurationReference = E59207CBAF7EA17571140B6C /* Pods-iOS Tutorial.debug.xcconfig */;
			buildSettings = {
				ASSETCATALOG_COMPILER_APPICON_NAME = AppIcon;
				CODE_SIGN_STYLE = Automatic;
				DEVELOPMENT_TEAM = 8WE3WJ8RDE;
				INFOPLIST_FILE = "iOS Tutorial/Info.plist";
				LD_RUNPATH_SEARCH_PATHS = (
					"$(inherited)",
					"@executable_path/Frameworks",
				);
				PRODUCT_BUNDLE_IDENTIFIER = "com.talent4assure.iOS-Tutorial";
				PRODUCT_NAME = "$(TARGET_NAME)";
				SWIFT_VERSION = 4.0;
				TARGETED_DEVICE_FAMILY = "1,2";
			};
			name = Debug;
		};
		7FADF672208B06DF00D5072C /* Release */ = {
			isa = XCBuildConfiguration;
			baseConfigurationReference = 3BE960970F3FD1DD2E0D8179 /* Pods-iOS Tutorial.release.xcconfig */;
			buildSettings = {
				ASSETCATALOG_COMPILER_APPICON_NAME = AppIcon;
				CODE_SIGN_STYLE = Automatic;
				DEVELOPMENT_TEAM = 8WE3WJ8RDE;
				INFOPLIST_FILE = "iOS Tutorial/Info.plist";
				LD_RUNPATH_SEARCH_PATHS = (
					"$(inherited)",
					"@executable_path/Frameworks",
				);
				PRODUCT_BUNDLE_IDENTIFIER = "com.talent4assure.iOS-Tutorial";
				PRODUCT_NAME = "$(TARGET_NAME)";
				SWIFT_VERSION = 4.0;
				TARGETED_DEVICE_FAMILY = "1,2";
			};
			name = Release;
		};
/* End XCBuildConfiguration section */

/* Begin XCConfigurationList section */
		7FADF659208B06DD00D5072C /* Build configuration list for PBXProject "iOS Tutorial" */ = {
			isa = XCConfigurationList;
			buildConfigurations = (
				7FADF66E208B06DF00D5072C /* Debug */,
				7FADF66F208B06DF00D5072C /* Release */,
			);
			defaultConfigurationIsVisible = 0;
			defaultConfigurationName = Release;
		};
		7FADF670208B06DF00D5072C /* Build configuration list for PBXNativeTarget "iOS Tutorial" */ = {
			isa = XCConfigurationList;
			buildConfigurations = (
				7FADF671208B06DF00D5072C /* Debug */,
				7FADF672208B06DF00D5072C /* Release */,
			);
			defaultConfigurationIsVisible = 0;
			defaultConfigurationName = Release;
		};
/* End XCConfigurationList section */
	};
	rootObject = 7FADF656208B06DD00D5072C /* Project object */;
}
